
Microsoft Visual Studio Solution File, Format Version 12.00
# Visual Studio 15
VisualStudioVersion = 15.0.27703.2042
MinimumVisualStudioVersion = 10.0.40219.1
Project("{FAE04EC0-301F-11D3-BF4B-00C04F79EFBC}") = "SayWhatStarterWebhook", "SayWhatStarterWebhook\SayWhatStarterWebhook.csproj", "{E3BF59F6-B02F-4B3F-AFD3-D95F92FE9366}"
EndProject
Global
	GlobalSection(SolutionConfigurationPlatforms) = preSolution
		Debug|Any CPU = Debug|Any CPU
		Release|Any CPU = Release|Any CPU
	EndGlobalSection
	GlobalSection(ProjectConfigurationPlatforms) = postSolution
		{E3BF59F6-B02F-4B3F-AFD3-D95F92FE9366}.Debug|Any CPU.ActiveCfg = Debug|Any CPU
		{E3BF59F6-B02F-4B3F-AFD3-D95F92FE9366}.Debug|Any CPU.Build.0 = Debug|Any CPU
		{E3BF59F6-B02F-4B3F-AFD3-D95F92FE9366}.Release|Any CPU.ActiveCfg = Release|Any CPU
		{E3BF59F6-B02F-4B3F-AFD3-D95F92FE9366}.Release|Any CPU.Build.0 = Release|Any CPU
	EndGlobalSection
	GlobalSection(SolutionProperties) = preSolution
		HideSolutionNode = FALSE
	EndGlobalSection
	GlobalSection(ExtensibilityGlobals) = postSolution
		SolutionGuid = {EC0397C7-E6C8-4982-A5F4-38AC2D5F7ED1}
	EndGlobalSection
EndGlobal
